# This file is @generated by PDM.
# It is not intended for manual editing.

[metadata]
groups = ["default"]
strategy = ["inherit_metadata"]
lock_version = "4.5.0"
content_hash = "sha256:349e4e22552362700361fd799ec6e1191cf1d84ad008f16bc41257fc264c71ef"

[[metadata.targets]]
requires_python = "==3.11.*"

[[package]]
name = "aiohappyeyeballs"
version = "2.4.0"
requires_python = ">=3.8"
summary = "Happy Eyeballs for asyncio"
groups = ["default"]
files = [
    {file = "aiohappyeyeballs-2.4.0-py3-none-any.whl", hash = "sha256:7ce92076e249169a13c2f49320d1967425eaf1f407522d707d59cac7628d62bd"},
    {file = "aiohappyeyeballs-2.4.0.tar.gz", hash = "sha256:55a1714f084e63d49639800f95716da97a1f173d46a16dfcfda0016abb93b6b2"},
]

[[package]]
name = "aiohttp"
version = "3.10.5"
requires_python = ">=3.8"
summary = "Async http client/server framework (asyncio)"
groups = ["default"]
dependencies = [
    "aiohappyeyeballs>=2.3.0",
    "aiosignal>=1.1.2",
    "async-timeout<5.0,>=4.0; python_version < \"3.11\"",
    "attrs>=17.3.0",
    "frozenlist>=1.1.1",
    "multidict<7.0,>=4.5",
    "yarl<2.0,>=1.0",
]
files = [
    {file = "aiohttp-3.10.5-cp311-cp311-macosx_10_9_universal2.whl", hash = "sha256:8c6a4e5e40156d72a40241a25cc226051c0a8d816610097a8e8f517aeacd59a2"},
    {file = "aiohttp-3.10.5-cp311-cp311-macosx_10_9_x86_64.whl", hash = "sha256:2c634a3207a5445be65536d38c13791904fda0748b9eabf908d3fe86a52941cf"},
    {file = "aiohttp-3.10.5-cp311-cp311-macosx_11_0_arm64.whl", hash = "sha256:4aff049b5e629ef9b3e9e617fa6e2dfeda1bf87e01bcfecaf3949af9e210105e"},
    {file = "aiohttp-3.10.5-cp311-cp311-manylinux_2_17_aarch64.manylinux2014_aarch64.whl", hash = "sha256:1942244f00baaacaa8155eca94dbd9e8cc7017deb69b75ef67c78e89fdad3c77"},
    {file = "aiohttp-3.10.5-cp311-cp311-manylinux_2_17_ppc64le.manylinux2014_ppc64le.whl", hash = "sha256:e04a1f2a65ad2f93aa20f9ff9f1b672bf912413e5547f60749fa2ef8a644e061"},
    {file = "aiohttp-3.10.5-cp311-cp311-manylinux_2_17_s390x.manylinux2014_s390x.whl", hash = "sha256:7f2bfc0032a00405d4af2ba27f3c429e851d04fad1e5ceee4080a1c570476697"},
    {file = "aiohttp-3.10.5-cp311-cp311-manylinux_2_17_x86_64.manylinux2014_x86_64.whl", hash = "sha256:424ae21498790e12eb759040bbb504e5e280cab64693d14775c54269fd1d2bb7"},
    {file = "aiohttp-3.10.5-cp311-cp311-manylinux_2_5_i686.manylinux1_i686.manylinux_2_17_i686.manylinux2014_i686.whl", hash = "sha256:975218eee0e6d24eb336d0328c768ebc5d617609affaca5dbbd6dd1984f16ed0"},
    {file = "aiohttp-3.10.5-cp311-cp311-musllinux_1_2_aarch64.whl", hash = "sha256:4120d7fefa1e2d8fb6f650b11489710091788de554e2b6f8347c7a20ceb003f5"},
    {file = "aiohttp-3.10.5-cp311-cp311-musllinux_1_2_i686.whl", hash = "sha256:b90078989ef3fc45cf9221d3859acd1108af7560c52397ff4ace8ad7052a132e"},
    {file = "aiohttp-3.10.5-cp311-cp311-musllinux_1_2_ppc64le.whl", hash = "sha256:ba5a8b74c2a8af7d862399cdedce1533642fa727def0b8c3e3e02fcb52dca1b1"},
    {file = "aiohttp-3.10.5-cp311-cp311-musllinux_1_2_s390x.whl", hash = "sha256:02594361128f780eecc2a29939d9dfc870e17b45178a867bf61a11b2a4367277"},
    {file = "aiohttp-3.10.5-cp311-cp311-musllinux_1_2_x86_64.whl", hash = "sha256:8fb4fc029e135859f533025bc82047334e24b0d489e75513144f25408ecaf058"},
    {file = "aiohttp-3.10.5-cp311-cp311-win32.whl", hash = "sha256:e1ca1ef5ba129718a8fc827b0867f6aa4e893c56eb00003b7367f8a733a9b072"},
    {file = "aiohttp-3.10.5-cp311-cp311-win_amd64.whl", hash = "sha256:349ef8a73a7c5665cca65c88ab24abe75447e28aa3bc4c93ea5093474dfdf0ff"},
    {file = "aiohttp-3.10.5.tar.gz", hash = "sha256:f071854b47d39591ce9a17981c46790acb30518e2f83dfca8db2dfa091178691"},
]

[[package]]
name = "aiosignal"
version = "1.3.1"
requires_python = ">=3.7"
summary = "aiosignal: a list of registered asynchronous callbacks"
groups = ["default"]
dependencies = [
    "frozenlist>=1.1.0",
]
files = [
    {file = "aiosignal-1.3.1-py3-none-any.whl", hash = "sha256:f8376fb07dd1e86a584e4fcdec80b36b7f81aac666ebc724e2c090300dd83b17"},
    {file = "aiosignal-1.3.1.tar.gz", hash = "sha256:54cd96e15e1649b75d6c87526a6ff0b6c1b0dd3459f43d9ca11d48c339b68cfc"},
]

[[package]]
name = "annotated-types"
version = "0.7.0"
requires_python = ">=3.8"
summary = "Reusable constraint types to use with typing.Annotated"
groups = ["default"]
dependencies = [
    "typing-extensions>=4.0.0; python_version < \"3.9\"",
]
files = [
    {file = "annotated_types-0.7.0-py3-none-any.whl", hash = "sha256:1f02e8b43a8fbbc3f3e0d4f0f4bfc8131bcb4eebe8849b8e5c773f3a1c582a53"},
    {file = "annotated_types-0.7.0.tar.gz", hash = "sha256:aff07c09a53a08bc8cfccb9c85b05f1aa9a2a6f23728d790723543408344ce89"},
]

[[package]]
name = "anyio"
version = "4.4.0"
requires_python = ">=3.8"
summary = "High level compatibility layer for multiple asynchronous event loop implementations"
groups = ["default"]
dependencies = [
    "exceptiongroup>=1.0.2; python_version < \"3.11\"",
    "idna>=2.8",
    "sniffio>=1.1",
    "typing-extensions>=4.1; python_version < \"3.11\"",
]
files = [
    {file = "anyio-4.4.0-py3-none-any.whl", hash = "sha256:c1b2d8f46a8a812513012e1107cb0e68c17159a7a594208005a57dc776e1bdc7"},
    {file = "anyio-4.4.0.tar.gz", hash = "sha256:5aadc6a1bbb7cdb0bede386cac5e2940f5e2ff3aa20277e991cf028e0585ce94"},
]

[[package]]
name = "attrs"
version = "24.2.0"
requires_python = ">=3.7"
summary = "Classes Without Boilerplate"
groups = ["default"]
dependencies = [
    "importlib-metadata; python_version < \"3.8\"",
]
files = [
    {file = "attrs-24.2.0-py3-none-any.whl", hash = "sha256:81921eb96de3191c8258c199618104dd27ac608d9366f5e35d011eae1867ede2"},
    {file = "attrs-24.2.0.tar.gz", hash = "sha256:5cfb1b9148b5b086569baec03f20d7b6bf3bcacc9a42bebf87ffaaca362f6346"},
]

[[package]]
name = "certifi"
version = "2024.8.30"
requires_python = ">=3.6"
summary = "Python package for providing Mozilla's CA Bundle."
groups = ["default"]
files = [
    {file = "certifi-2024.8.30-py3-none-any.whl", hash = "sha256:922820b53db7a7257ffbda3f597266d435245903d80737e34f8a45ff3e3230d8"},
    {file = "certifi-2024.8.30.tar.gz", hash = "sha256:bec941d2aa8195e248a60b31ff9f0558284cf01a52591ceda73ea9afffd69fd9"},
]

[[package]]
name = "croniter"
version = "3.0.3"
requires_python = "!=3.0.*,!=3.1.*,!=3.2.*,!=3.3.*,>=2.6"
summary = "croniter provides iteration for datetime object with cron like format"
groups = ["default"]
dependencies = [
    "python-dateutil",
    "pytz>2021.1",
]
files = [
    {file = "croniter-3.0.3-py2.py3-none-any.whl", hash = "sha256:b3bd11f270dc54ccd1f2397b813436015a86d30ffc5a7a9438eec1ed916f2101"},
    {file = "croniter-3.0.3.tar.gz", hash = "sha256:34117ec1741f10a7bd0ec3ad7d8f0eb8fa457a2feb9be32e6a2250e158957668"},
]

[[package]]
name = "deprecation"
version = "2.1.0"
summary = "A library to handle automated deprecations"
groups = ["default"]
dependencies = [
    "packaging",
]
files = [
    {file = "deprecation-2.1.0-py2.py3-none-any.whl", hash = "sha256:a10811591210e1fb0e768a8c25517cabeabcba6f0bf96564f8ff45189f90b14a"},
    {file = "deprecation-2.1.0.tar.gz", hash = "sha256:72b3bde64e5d778694b0cf68178aed03d15e15477116add3fb773e581f9518ff"},
]

[[package]]
name = "discord-py"
version = "2.4.0"
requires_python = ">=3.8"
summary = "A Python wrapper for the Discord API"
groups = ["default"]
dependencies = [
    "aiohttp<4,>=3.7.4",
]
files = [
    {file = "discord.py-2.4.0-py3-none-any.whl", hash = "sha256:b8af6711c70f7e62160bfbecb55be699b5cb69d007426759ab8ab06b1bd77d1d"},
    {file = "discord_py-2.4.0.tar.gz", hash = "sha256:d07cb2a223a185873a1d0ee78b9faa9597e45b3f6186df21a95cec1e9bcdc9a5"},
]

[[package]]
name = "discord-py-interactions"
version = "5.13.2"
requires_python = ">=3.10"
summary = "Easy, simple, scalable and modular: a Python API wrapper for interactions."
groups = ["default"]
dependencies = [
    "aiohttp",
    "attrs>=22.1",
    "audioop-lts; python_version >= \"3.13\"",
    "croniter",
    "discord-typings>=0.9.0",
    "emoji",
    "tomli",
]
files = [
    {file = "discord_py_interactions-5.13.2-py3-none-any.whl", hash = "sha256:2b28b1fd39c1f3a256889cbb41f1ac9354d0da43ab79450cc054278eebc60133"},
    {file = "discord_py_interactions-5.13.2.tar.gz", hash = "sha256:aac37f13293f706c09f392d90fc8d5aeeb2bdeee9d109e816e33823a542e9dbe"},
]

[[package]]
name = "discord-typings"
version = "0.9.0"
requires_python = ">=3.7"
summary = "Python typings of all payloads that Discord sends as TypedDicts"
groups = ["default"]
dependencies = [
    "typing-extensions<5,>=4.3",
]
files = [
    {file = "discord_typings-0.9.0-py3-none-any.whl", hash = "sha256:3d8776e16aa1f908fae947225d9cfd99701bcf0c7e28ca56bc10d892d1cfcffa"},
    {file = "discord_typings-0.9.0.tar.gz", hash = "sha256:fc39321dd04b3299e2b680da34454be8f29540acff4303752d514444daeb4e6d"},
]

[[package]]
name = "emoji"
version = "2.12.1"
requires_python = ">=3.7"
summary = "Emoji for Python"
groups = ["default"]
dependencies = [
    "typing-extensions>=4.7.0",
]
files = [
    {file = "emoji-2.12.1-py3-none-any.whl", hash = "sha256:a00d62173bdadc2510967a381810101624a2f0986145b8da0cffa42e29430235"},
    {file = "emoji-2.12.1.tar.gz", hash = "sha256:4aa0488817691aa58d83764b6c209f8a27c0b3ab3f89d1b8dceca1a62e4973eb"},
]

[[package]]
name = "frozenlist"
version = "1.4.1"
requires_python = ">=3.8"
summary = "A list-like structure which implements collections.abc.MutableSequence"
groups = ["default"]
files = [
    {file = "frozenlist-1.4.1-cp311-cp311-macosx_10_9_universal2.whl", hash = "sha256:a0cb6f11204443f27a1628b0e460f37fb30f624be6051d490fa7d7e26d4af3d0"},
    {file = "frozenlist-1.4.1-cp311-cp311-macosx_10_9_x86_64.whl", hash = "sha256:b46c8ae3a8f1f41a0d2ef350c0b6e65822d80772fe46b653ab6b6274f61d4a49"},
    {file = "frozenlist-1.4.1-cp311-cp311-macosx_11_0_arm64.whl", hash = "sha256:fde5bd59ab5357e3853313127f4d3565fc7dad314a74d7b5d43c22c6a5ed2ced"},
    {file = "frozenlist-1.4.1-cp311-cp311-manylinux_2_17_aarch64.manylinux2014_aarch64.whl", hash = "sha256:722e1124aec435320ae01ee3ac7bec11a5d47f25d0ed6328f2273d287bc3abb0"},
    {file = "frozenlist-1.4.1-cp311-cp311-manylinux_2_17_ppc64le.manylinux2014_ppc64le.whl", hash = "sha256:2471c201b70d58a0f0c1f91261542a03d9a5e088ed3dc6c160d614c01649c106"},
    {file = "frozenlist-1.4.1-cp311-cp311-manylinux_2_17_s390x.manylinux2014_s390x.whl", hash = "sha256:c757a9dd70d72b076d6f68efdbb9bc943665ae954dad2801b874c8c69e185068"},
    {file = "frozenlist-1.4.1-cp311-cp311-manylinux_2_5_i686.manylinux1_i686.manylinux_2_17_i686.manylinux2014_i686.whl", hash = "sha256:f146e0911cb2f1da549fc58fc7bcd2b836a44b79ef871980d605ec392ff6b0d2"},
    {file = "frozenlist-1.4.1-cp311-cp311-manylinux_2_5_x86_64.manylinux1_x86_64.manylinux_2_17_x86_64.manylinux2014_x86_64.whl", hash = "sha256:4f9c515e7914626b2a2e1e311794b4c35720a0be87af52b79ff8e1429fc25f19"},
    {file = "frozenlist-1.4.1-cp311-cp311-musllinux_1_1_aarch64.whl", hash = "sha256:c302220494f5c1ebeb0912ea782bcd5e2f8308037b3c7553fad0e48ebad6ad82"},
    {file = "frozenlist-1.4.1-cp311-cp311-musllinux_1_1_i686.whl", hash = "sha256:442acde1e068288a4ba7acfe05f5f343e19fac87bfc96d89eb886b0363e977ec"},
    {file = "frozenlist-1.4.1-cp311-cp311-musllinux_1_1_ppc64le.whl", hash = "sha256:1b280e6507ea8a4fa0c0a7150b4e526a8d113989e28eaaef946cc77ffd7efc0a"},
    {file = "frozenlist-1.4.1-cp311-cp311-musllinux_1_1_s390x.whl", hash = "sha256:fe1a06da377e3a1062ae5fe0926e12b84eceb8a50b350ddca72dc85015873f74"},
    {file = "frozenlist-1.4.1-cp311-cp311-musllinux_1_1_x86_64.whl", hash = "sha256:db9e724bebd621d9beca794f2a4ff1d26eed5965b004a97f1f1685a173b869c2"},
    {file = "frozenlist-1.4.1-cp311-cp311-win32.whl", hash = "sha256:e774d53b1a477a67838a904131c4b0eef6b3d8a651f8b138b04f748fccfefe17"},
    {file = "frozenlist-1.4.1-cp311-cp311-win_amd64.whl", hash = "sha256:fb3c2db03683b5767dedb5769b8a40ebb47d6f7f45b1b3e3b4b51ec8ad9d9825"},
    {file = "frozenlist-1.4.1-py3-none-any.whl", hash = "sha256:04ced3e6a46b4cfffe20f9ae482818e34eba9b5fb0ce4056e4cc9b6e212d09b7"},
    {file = "frozenlist-1.4.1.tar.gz", hash = "sha256:c037a86e8513059a2613aaba4d817bb90b9d9b6b69aace3ce9c877e8c8ed402b"},
]

[[package]]
name = "gotrue"
version = "2.8.0"
requires_python = "<4.0,>=3.8"
summary = "Python Client Library for Supabase Auth"
groups = ["default"]
dependencies = [
    "httpx[http2]<0.28,>=0.24",
    "pydantic<3,>=1.10",
]
files = [
    {file = "gotrue-2.8.0-py3-none-any.whl", hash = "sha256:f9dbc858782de58e1aacca3f6ab811ddc68997043e4a43daec686603c464ee8b"},
    {file = "gotrue-2.8.0.tar.gz", hash = "sha256:e78d285b2e0a0ebc64b19d822b2ee02c7b3c4cdaad8bb72a24586aa9030b707b"},
]

[[package]]
name = "h11"
version = "0.14.0"
requires_python = ">=3.7"
summary = "A pure-Python, bring-your-own-I/O implementation of HTTP/1.1"
groups = ["default"]
dependencies = [
    "typing-extensions; python_version < \"3.8\"",
]
files = [
    {file = "h11-0.14.0-py3-none-any.whl", hash = "sha256:e3fe4ac4b851c468cc8363d500db52c2ead036020723024a109d37346efaa761"},
    {file = "h11-0.14.0.tar.gz", hash = "sha256:8f19fbbe99e72420ff35c00b27a34cb9937e902a8b810e2c88300c6f0a3b699d"},
]

[[package]]
name = "h2"
version = "4.1.0"
requires_python = ">=3.6.1"
summary = "HTTP/2 State-Machine based protocol implementation"
groups = ["default"]
dependencies = [
    "hpack<5,>=4.0",
    "hyperframe<7,>=6.0",
]
files = [
    {file = "h2-4.1.0-py3-none-any.whl", hash = "sha256:03a46bcf682256c95b5fd9e9a99c1323584c3eec6440d379b9903d709476bc6d"},
    {file = "h2-4.1.0.tar.gz", hash = "sha256:a83aca08fbe7aacb79fec788c9c0bac936343560ed9ec18b82a13a12c28d2abb"},
]

[[package]]
name = "hpack"
version = "4.0.0"
requires_python = ">=3.6.1"
summary = "Pure-Python HPACK header compression"
groups = ["default"]
files = [
    {file = "hpack-4.0.0-py3-none-any.whl", hash = "sha256:84a076fad3dc9a9f8063ccb8041ef100867b1878b25ef0ee63847a5d53818a6c"},
    {file = "hpack-4.0.0.tar.gz", hash = "sha256:fc41de0c63e687ebffde81187a948221294896f6bdc0ae2312708df339430095"},
]

[[package]]
name = "httpcore"
version = "1.0.5"
requires_python = ">=3.8"
summary = "A minimal low-level HTTP client."
groups = ["default"]
dependencies = [
    "certifi",
    "h11<0.15,>=0.13",
]
files = [
    {file = "httpcore-1.0.5-py3-none-any.whl", hash = "sha256:421f18bac248b25d310f3cacd198d55b8e6125c107797b609ff9b7a6ba7991b5"},
    {file = "httpcore-1.0.5.tar.gz", hash = "sha256:34a38e2f9291467ee3b44e89dd52615370e152954ba21721378a87b2960f7a61"},
]

[[package]]
name = "httpx"
version = "0.27.2"
requires_python = ">=3.8"
summary = "The next generation HTTP client."
groups = ["default"]
dependencies = [
    "anyio",
    "certifi",
    "httpcore==1.*",
    "idna",
    "sniffio",
]
files = [
    {file = "httpx-0.27.2-py3-none-any.whl", hash = "sha256:7bb2708e112d8fdd7829cd4243970f0c223274051cb35ee80c03301ee29a3df0"},
    {file = "httpx-0.27.2.tar.gz", hash = "sha256:f7c2be1d2f3c3c3160d441802406b206c2b76f5947b11115e6df10c6c65e66c2"},
]

[[package]]
name = "httpx"
version = "0.27.2"
extras = ["http2"]
requires_python = ">=3.8"
summary = "The next generation HTTP client."
groups = ["default"]
dependencies = [
    "h2<5,>=3",
    "httpx==0.27.2",
]
files = [
    {file = "httpx-0.27.2-py3-none-any.whl", hash = "sha256:7bb2708e112d8fdd7829cd4243970f0c223274051cb35ee80c03301ee29a3df0"},
    {file = "httpx-0.27.2.tar.gz", hash = "sha256:f7c2be1d2f3c3c3160d441802406b206c2b76f5947b11115e6df10c6c65e66c2"},
]

[[package]]
name = "hyperframe"
version = "6.0.1"
requires_python = ">=3.6.1"
summary = "HTTP/2 framing layer for Python"
groups = ["default"]
files = [
    {file = "hyperframe-6.0.1-py3-none-any.whl", hash = "sha256:0ec6bafd80d8ad2195c4f03aacba3a8265e57bc4cff261e802bf39970ed02a15"},
    {file = "hyperframe-6.0.1.tar.gz", hash = "sha256:ae510046231dc8e9ecb1a6586f63d2347bf4c8905914aa84ba585ae85f28a914"},
]

[[package]]
name = "idna"
version = "3.8"
requires_python = ">=3.6"
summary = "Internationalized Domain Names in Applications (IDNA)"
groups = ["default"]
files = [
    {file = "idna-3.8-py3-none-any.whl", hash = "sha256:050b4e5baadcd44d760cedbd2b8e639f2ff89bbc7a5730fcc662954303377aac"},
    {file = "idna-3.8.tar.gz", hash = "sha256:d838c2c0ed6fced7693d5e8ab8e734d5f8fda53a039c0164afb0b82e771e3603"},
]

[[package]]
name = "multidict"
version = "6.0.5"
requires_python = ">=3.7"
summary = "multidict implementation"
groups = ["default"]
files = [
    {file = "multidict-6.0.5-cp311-cp311-macosx_10_9_universal2.whl", hash = "sha256:f285e862d2f153a70586579c15c44656f888806ed0e5b56b64489afe4a2dbfba"},
    {file = "multidict-6.0.5-cp311-cp311-macosx_10_9_x86_64.whl", hash = "sha256:53689bb4e102200a4fafa9de9c7c3c212ab40a7ab2c8e474491914d2305f187e"},
    {file = "multidict-6.0.5-cp311-cp311-macosx_11_0_arm64.whl", hash = "sha256:612d1156111ae11d14afaf3a0669ebf6c170dbb735e510a7438ffe2369a847fd"},
    {file = "multidict-6.0.5-cp311-cp311-manylinux_2_17_aarch64.manylinux2014_aarch64.whl", hash = "sha256:7be7047bd08accdb7487737631d25735c9a04327911de89ff1b26b81745bd4e3"},
    {file = "multidict-6.0.5-cp311-cp311-manylinux_2_17_ppc64le.manylinux2014_ppc64le.whl", hash = "sha256:de170c7b4fe6859beb8926e84f7d7d6c693dfe8e27372ce3b76f01c46e489fcf"},
    {file = "multidict-6.0.5-cp311-cp311-manylinux_2_17_s390x.manylinux2014_s390x.whl", hash = "sha256:04bde7a7b3de05732a4eb39c94574db1ec99abb56162d6c520ad26f83267de29"},
    {file = "multidict-6.0.5-cp311-cp311-manylinux_2_17_x86_64.manylinux2014_x86_64.whl", hash = "sha256:85f67aed7bb647f93e7520633d8f51d3cbc6ab96957c71272b286b2f30dc70ed"},
    {file = "multidict-6.0.5-cp311-cp311-manylinux_2_5_i686.manylinux1_i686.manylinux_2_17_i686.manylinux2014_i686.whl", hash = "sha256:425bf820055005bfc8aa9a0b99ccb52cc2f4070153e34b701acc98d201693733"},
    {file = "multidict-6.0.5-cp311-cp311-musllinux_1_1_aarch64.whl", hash = "sha256:d3eb1ceec286eba8220c26f3b0096cf189aea7057b6e7b7a2e60ed36b373b77f"},
    {file = "multidict-6.0.5-cp311-cp311-musllinux_1_1_i686.whl", hash = "sha256:7901c05ead4b3fb75113fb1dd33eb1253c6d3ee37ce93305acd9d38e0b5f21a4"},
    {file = "multidict-6.0.5-cp311-cp311-musllinux_1_1_ppc64le.whl", hash = "sha256:e0e79d91e71b9867c73323a3444724d496c037e578a0e1755ae159ba14f4f3d1"},
    {file = "multidict-6.0.5-cp311-cp311-musllinux_1_1_s390x.whl", hash = "sha256:29bfeb0dff5cb5fdab2023a7a9947b3b4af63e9c47cae2a10ad58394b517fddc"},
    {file = "multidict-6.0.5-cp311-cp311-musllinux_1_1_x86_64.whl", hash = "sha256:e030047e85cbcedbfc073f71836d62dd5dadfbe7531cae27789ff66bc551bd5e"},
    {file = "multidict-6.0.5-cp311-cp311-win32.whl", hash = "sha256:2f4848aa3baa109e6ab81fe2006c77ed4d3cd1e0ac2c1fbddb7b1277c168788c"},
    {file = "multidict-6.0.5-cp311-cp311-win_amd64.whl", hash = "sha256:2faa5ae9376faba05f630d7e5e6be05be22913782b927b19d12b8145968a85ea"},
    {file = "multidict-6.0.5-py3-none-any.whl", hash = "sha256:0d63c74e3d7ab26de115c49bffc92cc77ed23395303d496eae515d4204a625e7"},
    {file = "multidict-6.0.5.tar.gz", hash = "sha256:f7e301075edaf50500f0b341543c41194d8df3ae5caf4702f2095f3ca73dd8da"},
]

[[package]]
name = "packaging"
version = "24.1"
requires_python = ">=3.8"
summary = "Core utilities for Python packages"
groups = ["default"]
files = [
    {file = "packaging-24.1-py3-none-any.whl", hash = "sha256:5b8f2217dbdbd2f7f384c41c628544e6d52f2d0f53c6d0c3ea61aa5d1d7ff124"},
    {file = "packaging-24.1.tar.gz", hash = "sha256:026ed72c8ed3fcce5bf8950572258698927fd1dbda10a5e981cdf0ac37f4f002"},
]

[[package]]
name = "postgrest"
version = "0.16.11"
requires_python = "<4.0,>=3.8"
summary = "PostgREST client for Python. This library provides an ORM interface to PostgREST."
groups = ["default"]
dependencies = [
    "deprecation<3.0.0,>=2.1.0",
    "httpx[http2]<0.28,>=0.24",
    "pydantic<3.0,>=1.9",
    "strenum<0.5.0,>=0.4.9",
]
files = [
    {file = "postgrest-0.16.11-py3-none-any.whl", hash = "sha256:22fb6b817ace1f68aa648fd4ce0f56d2786c9260fa4ed2cb9046191231a682b8"},
    {file = "postgrest-0.16.11.tar.gz", hash = "sha256:10af51b4c39e288ad7df2db92d6a61fb3c4683131b40561f473e3de116e83fa5"},
]

[[package]]
name = "pydantic"
version = "2.9.0"
requires_python = ">=3.8"
summary = "Data validation using Python type hints"
groups = ["default"]
dependencies = [
    "annotated-types>=0.4.0",
    "pydantic-core==2.23.2",
    "typing-extensions>=4.12.2; python_version >= \"3.13\"",
    "typing-extensions>=4.6.1; python_version < \"3.13\"",
    "tzdata; python_version >= \"3.9\"",
]
files = [
    {file = "pydantic-2.9.0-py3-none-any.whl", hash = "sha256:f66a7073abd93214a20c5f7b32d56843137a7a2e70d02111f3be287035c45370"},
    {file = "pydantic-2.9.0.tar.gz", hash = "sha256:c7a8a9fdf7d100afa49647eae340e2d23efa382466a8d177efcd1381e9be5598"},
]

[[package]]
name = "pydantic-core"
version = "2.23.2"
requires_python = ">=3.8"
summary = "Core functionality for Pydantic validation and serialization"
groups = ["default"]
dependencies = [
    "typing-extensions!=4.7.0,>=4.6.0",
]
files = [
    {file = "pydantic_core-2.23.2-cp311-cp311-macosx_10_12_x86_64.whl", hash = "sha256:7ce8e26b86a91e305858e018afc7a6e932f17428b1eaa60154bd1f7ee888b5f8"},
    {file = "pydantic_core-2.23.2-cp311-cp311-macosx_11_0_arm64.whl", hash = "sha256:7e9b24cca4037a561422bf5dc52b38d390fb61f7bfff64053ce1b72f6938e6b2"},
    {file = "pydantic_core-2.23.2-cp311-cp311-manylinux_2_17_aarch64.manylinux2014_aarch64.whl", hash = "sha256:753294d42fb072aa1775bfe1a2ba1012427376718fa4c72de52005a3d2a22178"},
    {file = "pydantic_core-2.23.2-cp311-cp311-manylinux_2_17_armv7l.manylinux2014_armv7l.whl", hash = "sha256:257d6a410a0d8aeb50b4283dea39bb79b14303e0fab0f2b9d617701331ed1515"},
    {file = "pydantic_core-2.23.2-cp311-cp311-manylinux_2_17_ppc64le.manylinux2014_ppc64le.whl", hash = "sha256:c8319e0bd6a7b45ad76166cc3d5d6a36c97d0c82a196f478c3ee5346566eebfd"},
    {file = "pydantic_core-2.23.2-cp311-cp311-manylinux_2_17_s390x.manylinux2014_s390x.whl", hash = "sha256:7a05c0240f6c711eb381ac392de987ee974fa9336071fb697768dfdb151345ce"},
    {file = "pydantic_core-2.23.2-cp311-cp311-manylinux_2_17_x86_64.manylinux2014_x86_64.whl", hash = "sha256:8d5b0ff3218858859910295df6953d7bafac3a48d5cd18f4e3ed9999efd2245f"},
    {file = "pydantic_core-2.23.2-cp311-cp311-manylinux_2_5_i686.manylinux1_i686.whl", hash = "sha256:96ef39add33ff58cd4c112cbac076726b96b98bb8f1e7f7595288dcfb2f10b57"},
    {file = "pydantic_core-2.23.2-cp311-cp311-musllinux_1_1_aarch64.whl", hash = "sha256:0102e49ac7d2df3379ef8d658d3bc59d3d769b0bdb17da189b75efa861fc07b4"},
    {file = "pydantic_core-2.23.2-cp311-cp311-musllinux_1_1_x86_64.whl", hash = "sha256:a6612c2a844043e4d10a8324c54cdff0042c558eef30bd705770793d70b224aa"},
    {file = "pydantic_core-2.23.2-cp311-none-win32.whl", hash = "sha256:caffda619099cfd4f63d48462f6aadbecee3ad9603b4b88b60cb821c1b258576"},
    {file = "pydantic_core-2.23.2-cp311-none-win_amd64.whl", hash = "sha256:6f80fba4af0cb1d2344869d56430e304a51396b70d46b91a55ed4959993c0589"},
    {file = "pydantic_core-2.23.2.tar.gz", hash = "sha256:95d6bf449a1ac81de562d65d180af5d8c19672793c81877a2eda8fde5d08f2fd"},
]

[[package]]
name = "pydantic-settings"
version = "2.4.0"
requires_python = ">=3.8"
summary = "Settings management using Pydantic"
groups = ["default"]
dependencies = [
    "pydantic>=2.7.0",
    "python-dotenv>=0.21.0",
]
files = [
    {file = "pydantic_settings-2.4.0-py3-none-any.whl", hash = "sha256:bb6849dc067f1687574c12a639e231f3a6feeed0a12d710c1382045c5db1c315"},
    {file = "pydantic_settings-2.4.0.tar.gz", hash = "sha256:ed81c3a0f46392b4d7c0a565c05884e6e54b3456e6f0fe4d8814981172dc9a88"},
]

[[package]]
name = "python-dateutil"
version = "2.9.0.post0"
requires_python = "!=3.0.*,!=3.1.*,!=3.2.*,>=2.7"
summary = "Extensions to the standard Python datetime module"
groups = ["default"]
dependencies = [
    "six>=1.5",
]
files = [
    {file = "python-dateutil-2.9.0.post0.tar.gz", hash = "sha256:37dd54208da7e1cd875388217d5e00ebd4179249f90fb72437e91a35459a0ad3"},
    {file = "python_dateutil-2.9.0.post0-py2.py3-none-any.whl", hash = "sha256:a8b2bc7bffae282281c8140a97d3aa9c14da0b136dfe83f850eea9a5f7470427"},
]

[[package]]
name = "python-dotenv"
version = "1.0.1"
requires_python = ">=3.8"
summary = "Read key-value pairs from a .env file and set them as environment variables"
groups = ["default"]
files = [
    {file = "python-dotenv-1.0.1.tar.gz", hash = "sha256:e324ee90a023d808f1959c46bcbc04446a10ced277783dc6ee09987c37ec10ca"},
    {file = "python_dotenv-1.0.1-py3-none-any.whl", hash = "sha256:f7b63ef50f1b690dddf550d03497b66d609393b40b564ed0d674909a68ebf16a"},
]

[[package]]
name = "pytz"
version = "2024.1"
summary = "World timezone definitions, modern and historical"
groups = ["default"]
files = [
    {file = "pytz-2024.1-py2.py3-none-any.whl", hash = "sha256:328171f4e3623139da4983451950b28e95ac706e13f3f2630a879749e7a8b319"},
    {file = "pytz-2024.1.tar.gz", hash = "sha256:2a29735ea9c18baf14b448846bde5a48030ed267578472d8955cd0e7443a9812"},
]

[[package]]
name = "realtime"
version = "2.0.2"
requires_python = "<4.0,>=3.9"
summary = ""
groups = ["default"]
dependencies = [
    "aiohttp<4.0.0,>=3.10.2",
    "python-dateutil<3.0.0,>=2.8.1",
    "typing-extensions<5.0.0,>=4.12.2",
    "websockets<13,>=11",
]
files = [
    {file = "realtime-2.0.2-py3-none-any.whl", hash = "sha256:2634c915bc38807f2013f21e8bcc4d2f79870dfd81460ddb9393883d0489928a"},
    {file = "realtime-2.0.2.tar.gz", hash = "sha256:519da9325b3b8102139d51785013d592f6b2403d81fa21d838a0b0234723ed7d"},
]

[[package]]
name = "six"
version = "1.16.0"
requires_python = ">=2.7, !=3.0.*, !=3.1.*, !=3.2.*"
summary = "Python 2 and 3 compatibility utilities"
groups = ["default"]
files = [
    {file = "six-1.16.0-py2.py3-none-any.whl", hash = "sha256:8abb2f1d86890a2dfb989f9a77cfcfd3e47c2a354b01111771326f8aa26e0254"},
    {file = "six-1.16.0.tar.gz", hash = "sha256:1e61c37477a1626458e36f7b1d82aa5c9b094fa4802892072e49de9c60c4c926"},
]

[[package]]
name = "sniffio"
version = "1.3.1"
requires_python = ">=3.7"
summary = "Sniff out which async library your code is running under"
groups = ["default"]
files = [
    {file = "sniffio-1.3.1-py3-none-any.whl", hash = "sha256:2f6da418d1f1e0fddd844478f41680e794e6051915791a034ff65e5f100525a2"},
    {file = "sniffio-1.3.1.tar.gz", hash = "sha256:f4324edc670a0f49750a81b895f35c3adb843cca46f0530f79fc1babb23789dc"},
]

[[package]]
name = "storage3"
version = "0.7.7"
requires_python = "<4.0,>=3.8"
summary = "Supabase Storage client for Python."
groups = ["default"]
dependencies = [
    "httpx[http2]<0.28,>=0.24",
    "python-dateutil<3.0.0,>=2.8.2",
    "typing-extensions<5.0.0,>=4.2.0",
]
files = [
    {file = "storage3-0.7.7-py3-none-any.whl", hash = "sha256:ed80a2546cd0b5c22e2c30ea71096db6c99268daf2958c603488e7d72efb8426"},
    {file = "storage3-0.7.7.tar.gz", hash = "sha256:9fba680cf761d139ad764f43f0e91c245d1ce1af2cc3afe716652f835f48f83e"},
]

[[package]]
name = "strenum"
version = "0.4.15"
summary = "An Enum that inherits from str."
groups = ["default"]
files = [
    {file = "StrEnum-0.4.15-py3-none-any.whl", hash = "sha256:a30cda4af7cc6b5bf52c8055bc4bf4b2b6b14a93b574626da33df53cf7740659"},
    {file = "StrEnum-0.4.15.tar.gz", hash = "sha256:878fb5ab705442070e4dd1929bb5e2249511c0bcf2b0eeacf3bcd80875c82eff"},
]

[[package]]
name = "supabase"
version = "2.7.4"
requires_python = "<4.0,>=3.9"
summary = "Supabase client for Python."
groups = ["default"]
dependencies = [
    "gotrue<3.0,>=1.3",
    "httpx<0.28,>=0.24",
    "postgrest<0.17.0,>=0.14",
    "realtime<3.0.0,>=2.0.0",
    "storage3<0.8.0,>=0.5.3",
    "supafunc<0.6.0,>=0.3.1",
]
files = [
    {file = "supabase-2.7.4-py3-none-any.whl", hash = "sha256:01815fbc30cac753933d4a44a2529fd13cb7634b56c705c65b12a02c8e75982b"},
    {file = "supabase-2.7.4.tar.gz", hash = "sha256:5a979c7711b3c5ce688514fa0afc015780522569494e1a9a9d25d03b7c3d654b"},
]

[[package]]
name = "supafunc"
version = "0.5.1"
requires_python = "<4.0,>=3.8"
summary = "Library for Supabase Functions"
groups = ["default"]
dependencies = [
    "httpx[http2]<0.28,>=0.24",
]
files = [
    {file = "supafunc-0.5.1-py3-none-any.whl", hash = "sha256:b05e99a2b41270211a3f90ec843c04c5f27a5618f2d2d2eb8e07f41eb962a910"},
    {file = "supafunc-0.5.1.tar.gz", hash = "sha256:1ae9dce6bd935939c561650e86abb676af9665ecf5d4ffc1c7ec3c4932c84334"},
]

[[package]]
name = "tomli"
version = "2.0.1"
requires_python = ">=3.7"
summary = "A lil' TOML parser"
groups = ["default"]
files = [
    {file = "tomli-2.0.1-py3-none-any.whl", hash = "sha256:939de3e7a6161af0c887ef91b7d41a53e7c5a1ca976325f429cb46ea9bc30ecc"},
    {file = "tomli-2.0.1.tar.gz", hash = "sha256:de526c12914f0c550d15924c62d72abc48d6fe7364aa87328337a31007fe8a4f"},
]

[[package]]
name = "typing-extensions"
version = "4.12.2"
requires_python = ">=3.8"
summary = "Backported and Experimental Type Hints for Python 3.8+"
groups = ["default"]
files = [
    {file = "typing_extensions-4.12.2-py3-none-any.whl", hash = "sha256:04e5ca0351e0f3f85c6853954072df659d0d13fac324d0072316b67d7794700d"},
    {file = "typing_extensions-4.12.2.tar.gz", hash = "sha256:1a7ead55c7e559dd4dee8856e3a88b41225abfe1ce8df57b7c13915fe121ffb8"},
]

[[package]]
name = "tzdata"
version = "2024.1"
requires_python = ">=2"
summary = "Provider of IANA time zone data"
groups = ["default"]
marker = "python_version >= \"3.9\""
files = [
    {file = "tzdata-2024.1-py2.py3-none-any.whl", hash = "sha256:9068bc196136463f5245e51efda838afa15aaeca9903f49050dfa2679db4d252"},
    {file = "tzdata-2024.1.tar.gz", hash = "sha256:2674120f8d891909751c38abcdfd386ac0a5a1127954fbc332af6b5ceae07efd"},
]

[[package]]
name = "websockets"
version = "12.0"
requires_python = ">=3.8"
summary = "An implementation of the WebSocket Protocol (RFC 6455 & 7692)"
groups = ["default"]
files = [
    {file = "websockets-12.0-cp311-cp311-macosx_10_9_universal2.whl", hash = "sha256:5d873c7de42dea355d73f170be0f23788cf3fa9f7bed718fd2830eefedce01b4"},
    {file = "websockets-12.0-cp311-cp311-macosx_10_9_x86_64.whl", hash = "sha256:3f61726cae9f65b872502ff3c1496abc93ffbe31b278455c418492016e2afc8f"},
    {file = "websockets-12.0-cp311-cp311-macosx_11_0_arm64.whl", hash = "sha256:ed2fcf7a07334c77fc8a230755c2209223a7cc44fc27597729b8ef5425aa61a3"},
    {file = "websockets-12.0-cp311-cp311-manylinux_2_17_aarch64.manylinux2014_aarch64.whl", hash = "sha256:8e332c210b14b57904869ca9f9bf4ca32f5427a03eeb625da9b616c85a3a506c"},
    {file = "websockets-12.0-cp311-cp311-manylinux_2_5_i686.manylinux1_i686.manylinux_2_17_i686.manylinux2014_i686.whl", hash = "sha256:5693ef74233122f8ebab026817b1b37fe25c411ecfca084b29bc7d6efc548f45"},
    {file = "websockets-12.0-cp311-cp311-manylinux_2_5_x86_64.manylinux1_x86_64.manylinux_2_17_x86_64.manylinux2014_x86_64.whl", hash = "sha256:6e9e7db18b4539a29cc5ad8c8b252738a30e2b13f033c2d6e9d0549b45841c04"},
    {file = "websockets-12.0-cp311-cp311-musllinux_1_1_aarch64.whl", hash = "sha256:6e2df67b8014767d0f785baa98393725739287684b9f8d8a1001eb2839031447"},
    {file = "websockets-12.0-cp311-cp311-musllinux_1_1_i686.whl", hash = "sha256:bea88d71630c5900690fcb03161ab18f8f244805c59e2e0dc4ffadae0a7ee0ca"},
    {file = "websockets-12.0-cp311-cp311-musllinux_1_1_x86_64.whl", hash = "sha256:dff6cdf35e31d1315790149fee351f9e52978130cef6c87c4b6c9b3baf78bc53"},
    {file = "websockets-12.0-cp311-cp311-win32.whl", hash = "sha256:3e3aa8c468af01d70332a382350ee95f6986db479ce7af14d5e81ec52aa2b402"},
    {file = "websockets-12.0-cp311-cp311-win_amd64.whl", hash = "sha256:25eb766c8ad27da0f79420b2af4b85d29914ba0edf69f547cc4f06ca6f1d403b"},
    {file = "websockets-12.0-py3-none-any.whl", hash = "sha256:dc284bbc8d7c78a6c69e0c7325ab46ee5e40bb4d50e494d8131a07ef47500e9e"},
    {file = "websockets-12.0.tar.gz", hash = "sha256:81df9cbcbb6c260de1e007e58c011bfebe2dafc8435107b0537f393dd38c8b1b"},
]

[[package]]
name = "yarl"
version = "1.10.0"
requires_python = ">=3.8"
summary = "Yet another URL library"
groups = ["default"]
dependencies = [
    "idna>=2.0",
    "multidict>=4.0",
]
files = [
    {file = "yarl-1.10.0-cp311-cp311-macosx_10_9_universal2.whl", hash = "sha256:308d1cce071b5b500e3d95636bbf15dfdb8e87ed081b893555658a7f9869a156"},
    {file = "yarl-1.10.0-cp311-cp311-macosx_10_9_x86_64.whl", hash = "sha256:bc66927f6362ed613a483c22618f88f014994ccbd0b7a25ec1ebc8c472d4b40a"},
    {file = "yarl-1.10.0-cp311-cp311-macosx_11_0_arm64.whl", hash = "sha256:c4d13071c5b99974cfe2f94c749ecc4baf882f7c4b6e4c40ca3d15d1b7e81f24"},
    {file = "yarl-1.10.0-cp311-cp311-manylinux_2_17_aarch64.manylinux2014_aarch64.whl", hash = "sha256:348ad53acd41caa489df7db352d620c982ab069855d9635dda73d685bbbc3636"},
    {file = "yarl-1.10.0-cp311-cp311-manylinux_2_17_ppc64le.manylinux2014_ppc64le.whl", hash = "sha256:293f7c2b30d015de3f1441c4ee764963b86636fde881b4d6093498d1e8711f69"},
    {file = "yarl-1.10.0-cp311-cp311-manylinux_2_17_s390x.manylinux2014_s390x.whl", hash = "sha256:315e8853d0ea46aabdce01f1f248fff7b9743de89b555c5f0487f54ac84beae8"},
    {file = "yarl-1.10.0-cp311-cp311-manylinux_2_17_x86_64.manylinux2014_x86_64.whl", hash = "sha256:012c506b2c23be4500fb97509aa7e6a575996fb317b80667fa26899d456e2aaf"},
    {file = "yarl-1.10.0-cp311-cp311-manylinux_2_5_i686.manylinux1_i686.manylinux_2_17_i686.manylinux2014_i686.whl", hash = "sha256:5f769c2708c31227c5349c3e4c668c8b4b2e25af3e7263723f2ef33e8e3906a0"},
    {file = "yarl-1.10.0-cp311-cp311-musllinux_1_2_aarch64.whl", hash = "sha256:4f6ac063a4e9bbd4f6cc88cc621516a44d6aec66862ea8399ba063374e4b12c7"},
    {file = "yarl-1.10.0-cp311-cp311-musllinux_1_2_i686.whl", hash = "sha256:18b7ce6d8c35da8e16dcc8de124a80e250fc8c73f8c02663acf2485c874f1972"},
    {file = "yarl-1.10.0-cp311-cp311-musllinux_1_2_ppc64le.whl", hash = "sha256:b80246bdee036381636e73ef0f19b032912064622b0e5ee44f6960fd11df12aa"},
    {file = "yarl-1.10.0-cp311-cp311-musllinux_1_2_s390x.whl", hash = "sha256:183dd37bb5471e8017ab8a998c1ea070b4a0b08a97a7c4e20e0c7ccbe8ebb999"},
    {file = "yarl-1.10.0-cp311-cp311-musllinux_1_2_x86_64.whl", hash = "sha256:9b6d0d7522b514f054b359409817af4c5ed76fa4fe42d8bd1ed12956804cf595"},
    {file = "yarl-1.10.0-cp311-cp311-win32.whl", hash = "sha256:6026a6ef14d038a38ca9d81422db4b6bb7d5da94f9d08f21e0ad9ebd9c4bc3bb"},
    {file = "yarl-1.10.0-cp311-cp311-win_amd64.whl", hash = "sha256:190e70d2f9f16f1c9d666c103d635c9ed4bf8de7803e9fa0495eec405a3e96a8"},
    {file = "yarl-1.10.0-py3-none-any.whl", hash = "sha256:99eaa7d53f509ba1c2fea8fdfec15ba3cd36caca31d57ec6665073b148b5f260"},
    {file = "yarl-1.10.0.tar.gz", hash = "sha256:3bf10a395adac62177ba8ea738617e8de6cbb1cea6aa5d5dd2accde704fc8195"},
]
